
Microsoft Visual Studio Solution File, Format Version 12.00
Project("{FAE04EC0-301F-11D3-BF4B-00C04F79EFBC}") = "SquareCalculator", "SquareCalculator\SquareCalculator.csproj", "{186C3A95-7A07-4322-8BA6-BDA2301DCC45}"
EndProject
Project("{FAE04EC0-301F-11D3-BF4B-00C04F79EFBC}") = "TestClient", "TestClient\TestClient.csproj", "{46919397-FE8C-4D1D-A1B4-7163BB4BDB27}"
EndProject
Project("{FAE04EC0-301F-11D3-BF4B-00C04F79EFBC}") = "TestSquare", "TestSquare\TestSquare.csproj", "{6C59E642-D2C0-4214-9FAA-B7F61A18A8BF}"
EndProject
Global
	GlobalSection(SolutionConfigurationPlatforms) = preSolution
		Debug|Any CPU = Debug|Any CPU
		Release|Any CPU = Release|Any CPU
	EndGlobalSection
	GlobalSection(ProjectConfigurationPlatforms) = postSolution
		{186C3A95-7A07-4322-8BA6-BDA2301DCC45}.Debug|Any CPU.ActiveCfg = Debug|Any CPU
		{186C3A95-7A07-4322-8BA6-BDA2301DCC45}.Debug|Any CPU.Build.0 = Debug|Any CPU
		{186C3A95-7A07-4322-8BA6-BDA2301DCC45}.Release|Any CPU.ActiveCfg = Release|Any CPU
		{186C3A95-7A07-4322-8BA6-BDA2301DCC45}.Release|Any CPU.Build.0 = Release|Any CPU
		{46919397-FE8C-4D1D-A1B4-7163BB4BDB27}.Debug|Any CPU.ActiveCfg = Debug|Any CPU
		{46919397-FE8C-4D1D-A1B4-7163BB4BDB27}.Debug|Any CPU.Build.0 = Debug|Any CPU
		{46919397-FE8C-4D1D-A1B4-7163BB4BDB27}.Release|Any CPU.ActiveCfg = Release|Any CPU
		{46919397-FE8C-4D1D-A1B4-7163BB4BDB27}.Release|Any CPU.Build.0 = Release|Any CPU
		{6C59E642-D2C0-4214-9FAA-B7F61A18A8BF}.Debug|Any CPU.ActiveCfg = Debug|Any CPU
		{6C59E642-D2C0-4214-9FAA-B7F61A18A8BF}.Debug|Any CPU.Build.0 = Debug|Any CPU
		{6C59E642-D2C0-4214-9FAA-B7F61A18A8BF}.Release|Any CPU.ActiveCfg = Release|Any CPU
		{6C59E642-D2C0-4214-9FAA-B7F61A18A8BF}.Release|Any CPU.Build.0 = Release|Any CPU
	EndGlobalSection
EndGlobal
